<?xml version="1.0" encoding="utf-8"?>
<Project ToolsVersion="4.0" xmlns="http://schemas.microsoft.com/developer/msbuild/2003">
  <ItemGroup>
    <Filter Include="Source Files">
      <UniqueIdentifier>{4FC737F1-C7A5-4376-A066-2A32D752A2FF}</UniqueIdentifier>
      <Extensions>cpp;c;cc;cxx;c++;cppm;ixx;def;odl;idl;hpj;bat;asm;asmx</Extensions>
    </Filter>
    <Filter Include="Header Files">
      <UniqueIdentifier>{93995380-89BD-4b04-88EB-625FBE52EBFB}</UniqueIdentifier>
      <Extensions>h;hh;hpp;hxx;h++;hm;inl;inc;ipp;xsd</Extensions>
    </Filter>
    <Filter Include="Resource Files">
      <UniqueIdentifier>{67DA6AB6-F800-4c08-8B7A-83BB121AAD01}</UniqueIdentifier>
      <Extensions>rc;ico;cur;bmp;dlg;rc2;rct;bin;rgs;gif;jpg;jpeg;jpe;resx;tiff;tif;png;wav;mfcribbon-ms</Extensions>
    </Filter>
    <Filter Include="Header Files\Logging">
      <UniqueIdentifier>{264222da-862e-42f5-8297-f78488b63d64}</UniqueIdentifier>
    </Filter>
    <Filter Include="Header Files\API">
      <UniqueIdentifier>{b3abb807-e0e4-47ed-898b-8c5f859b0476}</UniqueIdentifier>
    </Filter>
    <Filter Include="Source Files\API">
      <UniqueIdentifier>{1cfab598-729e-4482-adb8-f7dfe0ee8ba1}</UniqueIdentifier>
    </Filter>
    <Filter Include="Header Files\API\Endpoints">
      <UniqueIdentifier>{075c4ff9-c2f3-4805-81c4-a5b50bfa8ebe}</UniqueIdentifier>
    </Filter>
    <Filter Include="Source Files\API\Endpoints">
      <UniqueIdentifier>{b4cd7128-b19a-4d1d-8fb6-7cef018a59d6}</UniqueIdentifier>
    </Filter>
    <Filter Include="Header Files\Connections">
      <UniqueIdentifier>{7ecce2a6-395f-4789-8d85-f4537b4d4156}</UniqueIdentifier>
    </Filter>
    <Filter Include="Source Files\Connections">
      <UniqueIdentifier>{7ae8012f-4deb-48dd-92ef-79a4db9cc463}</UniqueIdentifier>
    </Filter>
    <Filter Include="Header Files\Gnuplot">
      <UniqueIdentifier>{580367af-2ee8-4b2c-bbaf-a970fdcebfe1}</UniqueIdentifier>
    </Filter>
    <Filter Include="Header Files\Connections\Models">
      <UniqueIdentifier>{934e46a7-e88d-494f-be11-e7eef89348c6}</UniqueIdentifier>
    </Filter>
  </ItemGroup>
  <ItemGroup>
    <ClCompile Include="BinanceTradingBot.cpp">
      <Filter>Source Files</Filter>
    </ClCompile>
    <ClCompile Include="WebSocketSession.cpp">
      <Filter>Source Files</Filter>
    </ClCompile>
    <ClCompile Include="ConfigurationManager.cpp">
      <Filter>Source Files</Filter>
    </ClCompile>
    <ClCompile Include="ApiRequestManager.cpp">
      <Filter>Source Files</Filter>
    </ClCompile>
    <ClCompile Include="BinanceSwapEndpoints.cpp">
      <Filter>Source Files\API\Endpoints</Filter>
    </ClCompile>
    <ClCompile Include="FiatEndpoints.cpp">
      <Filter>Source Files\API\Endpoints</Filter>
    </ClCompile>
    <ClCompile Include="FuturesEndpoints.cpp">
      <Filter>Source Files\API\Endpoints</Filter>
    </ClCompile>
    <ClCompile Include="MarginAccountEndpoints.cpp">
      <Filter>Source Files\API\Endpoints</Filter>
    </ClCompile>
    <ClCompile Include="MarketDataEndpoints.cpp">
      <Filter>Source Files\API\Endpoints</Filter>
    </ClCompile>
    <ClCompile Include="SavingsEndpoints.cpp">
      <Filter>Source Files\API\Endpoints</Filter>
    </ClCompile>
    <ClCompile Include="SpotAccountEndpoints.cpp">
      <Filter>Source Files\API\Endpoints</Filter>
    </ClCompile>
    <ClCompile Include="Sub-AccountEndpoints.cpp">
      <Filter>Source Files\API\Endpoints</Filter>
    </ClCompile>
    <ClCompile Include="UserDataEndpoints.cpp">
      <Filter>Source Files\API\Endpoints</Filter>
    </ClCompile>
    <ClCompile Include="WalletEndpoints.cpp">
      <Filter>Source Files\API\Endpoints</Filter>
    </ClCompile>
    <ClCompile Include="WebSocketCollection.cpp">
      <Filter>Source Files</Filter>
    </ClCompile>
    <ClCompile Include="SQLConnectionFactory.cpp">
      <Filter>Source Files\Connections</Filter>
    </ClCompile>
    <ClCompile Include="Bot.cpp">
      <Filter>Source Files</Filter>
    </ClCompile>
    <ClCompile Include="SQLManager.cpp">
      <Filter>Source Files</Filter>
    </ClCompile>
    <ClCompile Include="MiningEndpoints.cpp">
      <Filter>Source Files\API\Endpoints</Filter>
    </ClCompile>
    <ClCompile Include="$(SolutionDir)Dependencies\x64-windows-static\include\easylogging++.cc">
      <Filter>Source Files</Filter>
    </ClCompile>
  </ItemGroup>
  <ItemGroup>
    <None Include="Logger.conf">
      <Filter>Resource Files</Filter>
    </None>
  </ItemGroup>
  <ItemGroup>
    <ClInclude Include="root_certificates.h">
      <Filter>Header Files</Filter>
    </ClInclude>
    <ClInclude Include="WebSocketSession.h">
      <Filter>Header Files</Filter>
    </ClInclude>
    <ClInclude Include="ConfigurationManager.h">
      <Filter>Header Files</Filter>
    </ClInclude>
    <ClInclude Include="Config.h">
      <Filter>Header Files</Filter>
    </ClInclude>
    <ClInclude Include="ApiRequestManager.h">
      <Filter>Header Files</Filter>
    </ClInclude>
    <ClInclude Include="LoggingFacility.h">
      <Filter>Header Files\Logging</Filter>
    </ClInclude>
    <ClInclude Include="StandardOutputLogger.h">
      <Filter>Header Files\Logging</Filter>
    </ClInclude>
    <ClInclude Include="FileLogger.h">
      <Filter>Header Files\Logging</Filter>
    </ClInclude>
    <ClInclude Include="BinanceSwapEndpoints.h">
      <Filter>Header Files\API\Endpoints</Filter>
    </ClInclude>
    <ClInclude Include="FiatEndpoints.h">
      <Filter>Header Files\API\Endpoints</Filter>
    </ClInclude>
    <ClInclude Include="FuturesEndpoint.h">
      <Filter>Header Files\API\Endpoints</Filter>
    </ClInclude>
    <ClInclude Include="MarginAccountEndpoints.h">
      <Filter>Header Files\API\Endpoints</Filter>
    </ClInclude>
    <ClInclude Include="MarketDataEndpoints.h">
      <Filter>Header Files\API\Endpoints</Filter>
    </ClInclude>
    <ClInclude Include="MiningEndpoints.h">
      <Filter>Header Files\API\Endpoints</Filter>
    </ClInclude>
    <ClInclude Include="SavingsEndpoints.h">
      <Filter>Header Files\API\Endpoints</Filter>
    </ClInclude>
    <ClInclude Include="SpotAccountEndpoints.h">
      <Filter>Header Files\API\Endpoints</Filter>
    </ClInclude>
    <ClInclude Include="Sub-AccountEndpoints.h">
      <Filter>Header Files\API\Endpoints</Filter>
    </ClInclude>
    <ClInclude Include="UserDataEndpoints.h">
      <Filter>Header Files\API\Endpoints</Filter>
    </ClInclude>
    <ClInclude Include="WalletEndpoints.h">
      <Filter>Header Files\API\Endpoints</Filter>
    </ClInclude>
    <ClInclude Include="APIHead.h">
      <Filter>Header Files\API</Filter>
    </ClInclude>
    <ClInclude Include="APIEnums.h">
      <Filter>Header Files\API</Filter>
    </ClInclude>
    <ClInclude Include="WebSocketCollection.h">
      <Filter>Header Files</Filter>
    </ClInclude>
    <ClInclude Include="ConnectionFactory.h">
      <Filter>Header Files\Connections</Filter>
    </ClInclude>
    <ClInclude Include="ConnectionPoolStats.h">
      <Filter>Header Files\Connections</Filter>
    </ClInclude>
    <ClInclude Include="ConnectionPool.h">
      <Filter>Header Files\Connections</Filter>
    </ClInclude>
    <ClInclude Include="SQLConnectionFactory.h">
      <Filter>Header Files\Connections</Filter>
    </ClInclude>
    <ClInclude Include="Bot.h">
      <Filter>Header Files</Filter>
    </ClInclude>
    <ClInclude Include="GnuplotIoStream.h">
      <Filter>Header Files\Gnuplot</Filter>
    </ClInclude>
    <ClInclude Include="Trade.h">
      <Filter>Header Files\Connections\Models</Filter>
    </ClInclude>
    <ClInclude Include="SQLManager.h">
      <Filter>Header Files</Filter>
    </ClInclude>
  </ItemGroup>
</Project>